
Microsoft Visual Studio Solution File, Format Version 12.00
# Visual Studio Version 16
VisualStudioVersion = 16.0.30804.86
MinimumVisualStudioVersion = 15.0.26124.0
Project("{2150E333-8FDC-42A3-9474-1A3956D46DE8}") = "src", "src", "{EB5D8C93-E16A-40BF-A500-5CE63056B208}"
EndProject
Project("{9A19103F-16F7-4668-BE54-9A1E7A4F7556}") = "Rbac.Storage", "src\Rbac.Storage\Rbac.Storage.csproj", "{29188D32-AB3F-4488-8B5D-009FEE7AADAB}"
EndProject
Project("{9A19103F-16F7-4668-BE54-9A1E7A4F7556}") = "Rbac.EntityFramework.Storage", "src\Rbac.EntityFramework.Storage\Rbac.EntityFramework.Storage.csproj", "{AFEAC9C9-C94B-44F8-A0B0-F830EFCB3A10}"
EndProject
Project("{9A19103F-16F7-4668-BE54-9A1E7A4F7556}") = "Rbac", "src\Rbac\Rbac.csproj", "{EA109D82-9B1D-47B2-A7B7-235D25B46E30}"
EndProject
Project("{2150E333-8FDC-42A3-9474-1A3956D46DE8}") = "samples", "samples", "{4E03470F-6702-4818-8DA0-AB9C2473F252}"
EndProject
Project("{9A19103F-16F7-4668-BE54-9A1E7A4F7556}") = "WebAPI", "samples\WebAPI\WebAPI.csproj", "{147780EC-CDFE-4A69-A9DA-F4E557072AB3}"
EndProject
Global
	GlobalSection(SolutionConfigurationPlatforms) = preSolution
		Debug|Any CPU = Debug|Any CPU
		Debug|x64 = Debug|x64
		Debug|x86 = Debug|x86
		Release|Any CPU = Release|Any CPU
		Release|x64 = Release|x64
		Release|x86 = Release|x86
	EndGlobalSection
	GlobalSection(ProjectConfigurationPlatforms) = postSolution
		{29188D32-AB3F-4488-8B5D-009FEE7AADAB}.Debug|Any CPU.ActiveCfg = Debug|Any CPU
		{29188D32-AB3F-4488-8B5D-009FEE7AADAB}.Debug|Any CPU.Build.0 = Debug|Any CPU
		{29188D32-AB3F-4488-8B5D-009FEE7AADAB}.Debug|x64.ActiveCfg = Debug|Any CPU
		{29188D32-AB3F-4488-8B5D-009FEE7AADAB}.Debug|x64.Build.0 = Debug|Any CPU
		{29188D32-AB3F-4488-8B5D-009FEE7AADAB}.Debug|x86.ActiveCfg = Debug|Any CPU
		{29188D32-AB3F-4488-8B5D-009FEE7AADAB}.Debug|x86.Build.0 = Debug|Any CPU
		{29188D32-AB3F-4488-8B5D-009FEE7AADAB}.Release|Any CPU.ActiveCfg = Release|Any CPU
		{29188D32-AB3F-4488-8B5D-009FEE7AADAB}.Release|Any CPU.Build.0 = Release|Any CPU
		{29188D32-AB3F-4488-8B5D-009FEE7AADAB}.Release|x64.ActiveCfg = Release|Any CPU
		{29188D32-AB3F-4488-8B5D-009FEE7AADAB}.Release|x64.Build.0 = Release|Any CPU
		{29188D32-AB3F-4488-8B5D-009FEE7AADAB}.Release|x86.ActiveCfg = Release|Any CPU
		{29188D32-AB3F-4488-8B5D-009FEE7AADAB}.Release|x86.Build.0 = Release|Any CPU
		{AFEAC9C9-C94B-44F8-A0B0-F830EFCB3A10}.Debug|Any CPU.ActiveCfg = Debug|Any CPU
		{AFEAC9C9-C94B-44F8-A0B0-F830EFCB3A10}.Debug|Any CPU.Build.0 = Debug|Any CPU
		{AFEAC9C9-C94B-44F8-A0B0-F830EFCB3A10}.Debug|x64.ActiveCfg = Debug|Any CPU
		{AFEAC9C9-C94B-44F8-A0B0-F830EFCB3A10}.Debug|x64.Build.0 = Debug|Any CPU
		{AFEAC9C9-C94B-44F8-A0B0-F830EFCB3A10}.Debug|x86.ActiveCfg = Debug|Any CPU
		{AFEAC9C9-C94B-44F8-A0B0-F830EFCB3A10}.Debug|x86.Build.0 = Debug|Any CPU
		{AFEAC9C9-C94B-44F8-A0B0-F830EFCB3A10}.Release|Any CPU.ActiveCfg = Release|Any CPU
		{AFEAC9C9-C94B-44F8-A0B0-F830EFCB3A10}.Release|Any CPU.Build.0 = Release|Any CPU
		{AFEAC9C9-C94B-44F8-A0B0-F830EFCB3A10}.Release|x64.ActiveCfg = Release|Any CPU
		{AFEAC9C9-C94B-44F8-A0B0-F830EFCB3A10}.Release|x64.Build.0 = Release|Any CPU
		{AFEAC9C9-C94B-44F8-A0B0-F830EFCB3A10}.Release|x86.ActiveCfg = Release|Any CPU
		{AFEAC9C9-C94B-44F8-A0B0-F830EFCB3A10}.Release|x86.Build.0 = Release|Any CPU
		{EA109D82-9B1D-47B2-A7B7-235D25B46E30}.Debug|Any CPU.ActiveCfg = Debug|Any CPU
		{EA109D82-9B1D-47B2-A7B7-235D25B46E30}.Debug|Any CPU.Build.0 = Debug|Any CPU
		{EA109D82-9B1D-47B2-A7B7-235D25B46E30}.Debug|x64.ActiveCfg = Debug|Any CPU
		{EA109D82-9B1D-47B2-A7B7-235D25B46E30}.Debug|x64.Build.0 = Debug|Any CPU
		{EA109D82-9B1D-47B2-A7B7-235D25B46E30}.Debug|x86.ActiveCfg = Debug|Any CPU
		{EA109D82-9B1D-47B2-A7B7-235D25B46E30}.Debug|x86.Build.0 = Debug|Any CPU
		{EA109D82-9B1D-47B2-A7B7-235D25B46E30}.Release|Any CPU.ActiveCfg = Release|Any CPU
		{EA109D82-9B1D-47B2-A7B7-235D25B46E30}.Release|Any CPU.Build.0 = Release|Any CPU
		{EA109D82-9B1D-47B2-A7B7-235D25B46E30}.Release|x64.ActiveCfg = Release|Any CPU
		{EA109D82-9B1D-47B2-A7B7-235D25B46E30}.Release|x64.Build.0 = Release|Any CPU
		{EA109D82-9B1D-47B2-A7B7-235D25B46E30}.Release|x86.ActiveCfg = Release|Any CPU
		{EA109D82-9B1D-47B2-A7B7-235D25B46E30}.Release|x86.Build.0 = Release|Any CPU
		{147780EC-CDFE-4A69-A9DA-F4E557072AB3}.Debug|Any CPU.ActiveCfg = Debug|Any CPU
		{147780EC-CDFE-4A69-A9DA-F4E557072AB3}.Debug|Any CPU.Build.0 = Debug|Any CPU
		{147780EC-CDFE-4A69-A9DA-F4E557072AB3}.Debug|x64.ActiveCfg = Debug|Any CPU
		{147780EC-CDFE-4A69-A9DA-F4E557072AB3}.Debug|x64.Build.0 = Debug|Any CPU
		{147780EC-CDFE-4A69-A9DA-F4E557072AB3}.Debug|x86.ActiveCfg = Debug|Any CPU
		{147780EC-CDFE-4A69-A9DA-F4E557072AB3}.Debug|x86.Build.0 = Debug|Any CPU
		{147780EC-CDFE-4A69-A9DA-F4E557072AB3}.Release|Any CPU.ActiveCfg = Release|Any CPU
		{147780EC-CDFE-4A69-A9DA-F4E557072AB3}.Release|Any CPU.Build.0 = Release|Any CPU
		{147780EC-CDFE-4A69-A9DA-F4E557072AB3}.Release|x64.ActiveCfg = Release|Any CPU
		{147780EC-CDFE-4A69-A9DA-F4E557072AB3}.Release|x64.Build.0 = Release|Any CPU
		{147780EC-CDFE-4A69-A9DA-F4E557072AB3}.Release|x86.ActiveCfg = Release|Any CPU
		{147780EC-CDFE-4A69-A9DA-F4E557072AB3}.Release|x86.Build.0 = Release|Any CPU
	EndGlobalSection
	GlobalSection(SolutionProperties) = preSolution
		HideSolutionNode = FALSE
	EndGlobalSection
	GlobalSection(NestedProjects) = preSolution
		{29188D32-AB3F-4488-8B5D-009FEE7AADAB} = {EB5D8C93-E16A-40BF-A500-5CE63056B208}
		{AFEAC9C9-C94B-44F8-A0B0-F830EFCB3A10} = {EB5D8C93-E16A-40BF-A500-5CE63056B208}
		{EA109D82-9B1D-47B2-A7B7-235D25B46E30} = {EB5D8C93-E16A-40BF-A500-5CE63056B208}
		{147780EC-CDFE-4A69-A9DA-F4E557072AB3} = {4E03470F-6702-4818-8DA0-AB9C2473F252}
	EndGlobalSection
	GlobalSection(ExtensibilityGlobals) = postSolution
		SolutionGuid = {0E966D9C-F62C-4A64-B22A-482A31849EAE}
	EndGlobalSection
EndGlobal
